
Microsoft Visual Studio Solution File, Format Version 12.00
# Visual Studio Version 17
VisualStudioVersion = 17.9.34728.123
MinimumVisualStudioVersion = 10.0.40219.1
Project("{8BC9CEB8-8B4A-11D0-8D11-00A0C91BC942}") = "ShootingGame", "ShootingGame\ShootingGame.vcxproj", "{55C3D0F2-6DE2-4963-882B-9D3FA9B2F4F5}"
EndProject
Global
	GlobalSection(SolutionConfigurationPlatforms) = preSolution
		Debug|x64 = Debug|x64
		Debug|x86 = Debug|x86
		Release|x64 = Release|x64
		Release|x86 = Release|x86
	EndGlobalSection
	GlobalSection(ProjectConfigurationPlatforms) = postSolution
		{55C3D0F2-6DE2-4963-882B-9D3FA9B2F4F5}.Debug|x64.ActiveCfg = Debug|x64
		{55C3D0F2-6DE2-4963-882B-9D3FA9B2F4F5}.Debug|x64.Build.0 = Debug|x64
		{55C3D0F2-6DE2-4963-882B-9D3FA9B2F4F5}.Debug|x86.ActiveCfg = Debug|Win32
		{55C3D0F2-6DE2-4963-882B-9D3FA9B2F4F5}.Debug|x86.Build.0 = Debug|Win32
		{55C3D0F2-6DE2-4963-882B-9D3FA9B2F4F5}.Release|x64.ActiveCfg = Release|x64
		{55C3D0F2-6DE2-4963-882B-9D3FA9B2F4F5}.Release|x64.Build.0 = Release|x64
		{55C3D0F2-6DE2-4963-882B-9D3FA9B2F4F5}.Release|x86.ActiveCfg = Release|Win32
		{55C3D0F2-6DE2-4963-882B-9D3FA9B2F4F5}.Release|x86.Build.0 = Release|Win32
	EndGlobalSection
	GlobalSection(SolutionProperties) = preSolution
		HideSolutionNode = FALSE
	EndGlobalSection
	GlobalSection(ExtensibilityGlobals) = postSolution
		SolutionGuid = {DE55450B-1E49-4E10-8241-57E63B68AFBE}
	EndGlobalSection
EndGlobal
